
Microsoft Visual Studio Solution File, Format Version 10.00
# Visual Studio 2008
Project("{8BC9CEB8-8B4A-11D0-8D11-00A0C91BC942}") = "3.9.26 ke", "3.9.26 ke\3.9.26 ke.vcproj", "{AD1C106B-1F63-4D3C-9110-B81C36E69B35}"
EndProject
Global
	GlobalSection(SolutionConfigurationPlatforms) = preSolution
		Debug|Win32 = Debug|Win32
		Release|Win32 = Release|Win32
	EndGlobalSection
	GlobalSection(ProjectConfigurationPlatforms) = postSolution
		{AD1C106B-1F63-4D3C-9110-B81C36E69B35}.Debug|Win32.ActiveCfg = Debug|Win32
		{AD1C106B-1F63-4D3C-9110-B81C36E69B35}.Debug|Win32.Build.0 = Debug|Win32
		{AD1C106B-1F63-4D3C-9110-B81C36E69B35}.Release|Win32.ActiveCfg = Release|Win32
		{AD1C106B-1F63-4D3C-9110-B81C36E69B35}.Release|Win32.Build.0 = Release|Win32
	EndGlobalSection
	GlobalSection(SolutionProperties) = preSolution
		HideSolutionNode = FALSE
	EndGlobalSection
EndGlobal
