
Microsoft Visual Studio Solution File, Format Version 10.00
# Visual Studio 2008
Project("{8BC9CEB8-8B4A-11D0-8D11-00A0C91BC942}") = "5 10.6 ke 关机程序", "5 10.6 ke 关机程序\5 10.6 ke 关机程序.vcproj", "{D25DBD17-CFC3-4686-ADA6-BFEC8C595E3C}"
EndProject
Global
	GlobalSection(SolutionConfigurationPlatforms) = preSolution
		Debug|Win32 = Debug|Win32
		Release|Win32 = Release|Win32
	EndGlobalSection
	GlobalSection(ProjectConfigurationPlatforms) = postSolution
		{D25DBD17-CFC3-4686-ADA6-BFEC8C595E3C}.Debug|Win32.ActiveCfg = Debug|Win32
		{D25DBD17-CFC3-4686-ADA6-BFEC8C595E3C}.Debug|Win32.Build.0 = Debug|Win32
		{D25DBD17-CFC3-4686-ADA6-BFEC8C595E3C}.Release|Win32.ActiveCfg = Release|Win32
		{D25DBD17-CFC3-4686-ADA6-BFEC8C595E3C}.Release|Win32.Build.0 = Release|Win32
	EndGlobalSection
	GlobalSection(SolutionProperties) = preSolution
		HideSolutionNode = FALSE
	EndGlobalSection
EndGlobal
