
Microsoft Visual Studio Solution File, Format Version 12.00
# Visual Studio 2013
VisualStudioVersion = 12.0.21005.1
MinimumVisualStudioVersion = 10.0.40219.1
Project("{8BC9CEB8-8B4A-11D0-8D11-00A0C91BC942}") = "3.24_实现一个函数来交换两个整数的内容。", "3.24_实现一个函数来交换两个整数的内容。\3.24_实现一个函数来交换两个整数的内容。.vcxproj", "{B0CE25A5-6FD6-4191-BC16-039482C12328}"
EndProject
Global
	GlobalSection(SolutionConfigurationPlatforms) = preSolution
		Debug|Win32 = Debug|Win32
		Release|Win32 = Release|Win32
	EndGlobalSection
	GlobalSection(ProjectConfigurationPlatforms) = postSolution
		{B0CE25A5-6FD6-4191-BC16-039482C12328}.Debug|Win32.ActiveCfg = Debug|Win32
		{B0CE25A5-6FD6-4191-BC16-039482C12328}.Debug|Win32.Build.0 = Debug|Win32
		{B0CE25A5-6FD6-4191-BC16-039482C12328}.Release|Win32.ActiveCfg = Release|Win32
		{B0CE25A5-6FD6-4191-BC16-039482C12328}.Release|Win32.Build.0 = Release|Win32
	EndGlobalSection
	GlobalSection(SolutionProperties) = preSolution
		HideSolutionNode = FALSE
	EndGlobalSection
EndGlobal
